
Microsoft Visual Studio Solution File, Format Version 12.00
# Visual Studio Version 17
VisualStudioVersion = 17.5.33516.290
MinimumVisualStudioVersion = 10.0.40219.1
Project("{FAE04EC0-301F-11D3-BF4B-00C04F79EFBC}") = "hOTP", "hOTP.csproj", "{2739FD93-9095-4384-9C5C-C30F3040EAEC}"
EndProject
Global
	GlobalSection(SolutionConfigurationPlatforms) = preSolution
		Debug|Any CPU = Debug|Any CPU
		Release|Any CPU = Release|Any CPU
	EndGlobalSection
	GlobalSection(ProjectConfigurationPlatforms) = postSolution
		{2739FD93-9095-4384-9C5C-C30F3040EAEC}.Debug|Any CPU.ActiveCfg = Debug|Any CPU
		{2739FD93-9095-4384-9C5C-C30F3040EAEC}.Debug|Any CPU.Build.0 = Debug|Any CPU
		{2739FD93-9095-4384-9C5C-C30F3040EAEC}.Release|Any CPU.ActiveCfg = Release|Any CPU
		{2739FD93-9095-4384-9C5C-C30F3040EAEC}.Release|Any CPU.Build.0 = Release|Any CPU
	EndGlobalSection
	GlobalSection(SolutionProperties) = preSolution
		HideSolutionNode = FALSE
	EndGlobalSection
	GlobalSection(ExtensibilityGlobals) = postSolution
		SolutionGuid = {37F43E64-9674-4E82-8A29-A8D4D313A59B}
	EndGlobalSection
EndGlobal
